# This file is automatically @generated by Poetry 1.8.2 and should not be changed by hand.

[[package]]
name = "asttokens"
version = "2.4.1"
description = "Annotate AST trees with source code positions"
optional = false
python-versions = "*"
files = [
    {file = "asttokens-2.4.1-py2.py3-none-any.whl", hash = "sha256:051ed49c3dcae8913ea7cd08e46a606dba30b79993209636c4875bc1d637bc24"},
    {file = "asttokens-2.4.1.tar.gz", hash = "sha256:b03869718ba9a6eb027e134bfdf69f38a236d681c83c160d510768af11254ba0"},
]

[package.dependencies]
six = ">=1.12.0"

[package.extras]
astroid = ["astroid (>=1,<2)", "astroid (>=2,<4)"]
test = ["astroid (>=1,<2)", "astroid (>=2,<4)", "pytest"]

[[package]]
name = "click"
version = "8.1.7"
description = "Composable command line interface toolkit"
optional = false
python-versions = ">=3.7"
files = [
    {file = "click-8.1.7-py3-none-any.whl", hash = "sha256:ae74fb96c20a0277a1d615f1e4d73c8414f5a98db8b799a7931d1582f3390c28"},
    {file = "click-8.1.7.tar.gz", hash = "sha256:ca9853ad459e787e2192211578cc907e7594e294c7ccc834310722b41b9ca6de"},
]

[package.dependencies]
colorama = {version = "*", markers = "platform_system == \"Windows\""}

[[package]]
name = "colorama"
version = "0.4.6"
description = "Cross-platform colored terminal text."
optional = false
python-versions = "!=3.0.*,!=3.1.*,!=3.2.*,!=3.3.*,!=3.4.*,!=3.5.*,!=3.6.*,>=2.7"
files = [
    {file = "colorama-0.4.6-py2.py3-none-any.whl", hash = "sha256:4f1d9991f5acc0ca119f9d443620b77f9d6b33703e51011c16baf57afb285fc6"},
    {file = "colorama-0.4.6.tar.gz", hash = "sha256:08695f5cb7ed6e0531a20572697297273c47b8cae5a63ffc6d6ed5c201be6e44"},
]

[[package]]
name = "decorator"
version = "5.1.1"
description = "Decorators for Humans"
optional = false
python-versions = ">=3.5"
files = [
    {file = "decorator-5.1.1-py3-none-any.whl", hash = "sha256:b8c3f85900b9dc423225913c5aace94729fe1fa9763b38939a95226f02d37186"},
    {file = "decorator-5.1.1.tar.gz", hash = "sha256:637996211036b6385ef91435e4fae22989472f9d571faba8927ba8253acbc330"},
]

[[package]]
name = "executing"
version = "2.0.1"
description = "Get the currently executing AST node of a frame, and other information"
optional = false
python-versions = ">=3.5"
files = [
    {file = "executing-2.0.1-py2.py3-none-any.whl", hash = "sha256:eac49ca94516ccc753f9fb5ce82603156e590b27525a8bc32cce8ae302eb61bc"},
    {file = "executing-2.0.1.tar.gz", hash = "sha256:35afe2ce3affba8ee97f2d69927fa823b08b472b7b994e36a52a964b93d16147"},
]

[package.extras]
tests = ["asttokens (>=2.1.0)", "coverage", "coverage-enable-subprocess", "ipython", "littleutils", "pytest", "rich"]

[[package]]
name = "grpcio"
version = "1.63.0rc2"
description = "HTTP/2-based RPC framework"
optional = false
python-versions = ">=3.8"
files = [
    {file = "grpcio-1.63.0rc2-cp310-cp310-linux_armv7l.whl", hash = "sha256:e788972f50bab6fae1c3f03774478b513c717b4d77e0706bd9a736145262fde6"},
    {file = "grpcio-1.63.0rc2-cp310-cp310-macosx_12_0_universal2.whl", hash = "sha256:3f0a0e103a4016f6370815b02ba4c4f4ce0b19d214bbb8f3888624ec34b95310"},
    {file = "grpcio-1.63.0rc2-cp310-cp310-manylinux_2_17_aarch64.whl", hash = "sha256:46f39b700380be87504f0912a6281b1110d2921df701505461530c5e4a7cc1dc"},
    {file = "grpcio-1.63.0rc2-cp310-cp310-manylinux_2_17_i686.manylinux2014_i686.whl", hash = "sha256:b030ca70a3f173f08498024542dfe9e6d04999f9aa1fcfd0a59c48953e915f39"},
    {file = "grpcio-1.63.0rc2-cp310-cp310-manylinux_2_17_x86_64.manylinux2014_x86_64.whl", hash = "sha256:ee41d4e5dcd6ca24086322f266a693a88e9c44a5f401d75b8b51b6c05b030255"},
    {file = "grpcio-1.63.0rc2-cp310-cp310-musllinux_1_1_i686.whl", hash = "sha256:306dfd6fe96dc05e4cf7e29d97b95faad2980f160b2315a21724ba22dfa733b6"},
    {file = "grpcio-1.63.0rc2-cp310-cp310-musllinux_1_1_x86_64.whl", hash = "sha256:8fd4d38a7212bc8b26c3634cd1ee20b207753c432215b2e8611cec4b2c225e74"},
    {file = "grpcio-1.63.0rc2-cp310-cp310-win32.whl", hash = "sha256:a9ec8fe2892e89220fcc458f29bdaa21ffc3a75a86aa632cb52c310a726f3599"},
    {file = "grpcio-1.63.0rc2-cp310-cp310-win_amd64.whl", hash = "sha256:ca2f8e47f5b40d7bb90295772d6ba5b67fa0266aaf2669852165d78948ab61ec"},
    {file = "grpcio-1.63.0rc2-cp311-cp311-linux_armv7l.whl", hash = "sha256:3c557352f47939aa1c7706e25340d016f63a3328d2ba6ce636f7527ba5989a9b"},
    {file = "grpcio-1.63.0rc2-cp311-cp311-macosx_10_9_universal2.whl", hash = "sha256:0a3888305fd4005e2533e42047380993bb5cb5fd7615b3964c596adffa5c39c7"},
    {file = "grpcio-1.63.0rc2-cp311-cp311-manylinux_2_17_aarch64.whl", hash = "sha256:834bb23fe4b00850f0bc35c6ef29cf2b7b6b634091622466a14251592f7f257e"},
    {file = "grpcio-1.63.0rc2-cp311-cp311-manylinux_2_17_i686.manylinux2014_i686.whl", hash = "sha256:e8ad1504f8840b4951ec6afcbe534432a27263aa1ddded2a2ff492a820a2f10e"},
    {file = "grpcio-1.63.0rc2-cp311-cp311-manylinux_2_17_x86_64.manylinux2014_x86_64.whl", hash = "sha256:32d3794996800ab0ec1f2607a567ceb93f20e864bf337bf654098834fd66d98b"},
    {file = "grpcio-1.63.0rc2-cp311-cp311-musllinux_1_1_i686.whl", hash = "sha256:14038c204b93b410601e471e01a116cd5f4834d625d62118a34468866e8f8910"},
    {file = "grpcio-1.63.0rc2-cp311-cp311-musllinux_1_1_x86_64.whl", hash = "sha256:82928ec3f20d65a54aa4cd3701ae4e6920e43659d187bd4bdd9c6c77bd683968"},
    {file = "grpcio-1.63.0rc2-cp311-cp311-win32.whl", hash = "sha256:a80c1eba60f18fb459de8fba5dc376f74ed568d3a9924eba1f1501674ebaf38c"},
    {file = "grpcio-1.63.0rc2-cp311-cp311-win_amd64.whl", hash = "sha256:e8d314b73ee0d1f7f3dce269e94ffab213351b7ef8201dceb2d059d40839b32a"},
    {file = "grpcio-1.63.0rc2-cp312-cp312-linux_armv7l.whl", hash = "sha256:e5618a30250a16bf0951fbc54c025d4a170ca29ba4c335001885c6caaef32f5b"},
    {file = "grpcio-1.63.0rc2-cp312-cp312-macosx_10_9_universal2.whl", hash = "sha256:2a3f4d8d3eda63c54a113b19753ebb8344cd8bc5085e5cd7d9a1663a7f8f5073"},
    {file = "grpcio-1.63.0rc2-cp312-cp312-manylinux_2_17_aarch64.whl", hash = "sha256:d85b5d77eb9673638886b4db4f86a3def98025d1ca5f7397bab862bef48843d0"},
    {file = "grpcio-1.63.0rc2-cp312-cp312-manylinux_2_17_i686.manylinux2014_i686.whl", hash = "sha256:88da043be8ea9a07bd9b850c0625a68d9e77e1e289d7c32d8250838df938d040"},
    {file = "grpcio-1.63.0rc2-cp312-cp312-manylinux_2_17_x86_64.manylinux2014_x86_64.whl", hash = "sha256:28666173a5586acd2616971b8ae094749dee5b9252887d2d46dc4e1d8892b0e6"},
    {file = "grpcio-1.63.0rc2-cp312-cp312-musllinux_1_1_i686.whl", hash = "sha256:9adaec57b4e3ce58b9fce7582910103a14b3e414cd19cf977781e64a1717b303"},
    {file = "grpcio-1.63.0rc2-cp312-cp312-musllinux_1_1_x86_64.whl", hash = "sha256:212fdacdb71c519525be7970f45579924b4fa2287be71e1b98fc195cad64e889"},
    {file = "grpcio-1.63.0rc2-cp312-cp312-win32.whl", hash = "sha256:d3f5debe4e99586d6d8e37bd5816fa3c40a5df566d24d538c766601955a61655"},
    {file = "grpcio-1.63.0rc2-cp312-cp312-win_amd64.whl", hash = "sha256:2faa1a4696117d596329cc47dd9cf980e752a392ce0d8dc5ee5865a9c84c5d85"},
    {file = "grpcio-1.63.0rc2-cp38-cp38-linux_armv7l.whl", hash = "sha256:c4c42dec9e60b37d8e5c7b536687a2452390ccc9db3ea101f1aeef6c40283450"},
    {file = "grpcio-1.63.0rc2-cp38-cp38-macosx_10_9_universal2.whl", hash = "sha256:7804b1afec8245e505ac83148b8260b056d1d2c693f74650b4148599e9c574ed"},
    {file = "grpcio-1.63.0rc2-cp38-cp38-manylinux_2_17_aarch64.whl", hash = "sha256:33b937152ca96a6c5d63811a511e2c90b9cf594588561a012fca9e78bd1ab76c"},
    {file = "grpcio-1.63.0rc2-cp38-cp38-manylinux_2_17_i686.manylinux2014_i686.whl", hash = "sha256:9a55a003177756c1fae68e1a7699c5548dd45caa6fcc4828c0014c8618d6086a"},
    {file = "grpcio-1.63.0rc2-cp38-cp38-manylinux_2_17_x86_64.manylinux2014_x86_64.whl", hash = "sha256:efb38280833c02a51500dc984d5a2f2b384fadef4390af5bdb88275bbd486925"},
    {file = "grpcio-1.63.0rc2-cp38-cp38-musllinux_1_1_i686.whl", hash = "sha256:6d83af075074991cff1eda95d89e5ab2e609514248d35b5d0473866d4a224dcd"},
    {file = "grpcio-1.63.0rc2-cp38-cp38-musllinux_1_1_x86_64.whl", hash = "sha256:2d7b7d920a6cd4ffc1226b37ae78a1c0c86bb97e98d478fdb45f4284ac406d62"},
    {file = "grpcio-1.63.0rc2-cp38-cp38-win32.whl", hash = "sha256:fea675967e0d4b330ceb38f7db5c83f0f8dccf5b2abf697210613676b519b971"},
    {file = "grpcio-1.63.0rc2-cp38-cp38-win_amd64.whl", hash = "sha256:2af172791d3cc01d91c448c5678f431402babb36a795fd22f93dbe323cf69429"},
    {file = "grpcio-1.63.0rc2-cp39-cp39-linux_armv7l.whl", hash = "sha256:de090eb2b1e4282b81b9a299379328a4607548a98091a24b3b7d707e141c2d71"},
    {file = "grpcio-1.63.0rc2-cp39-cp39-macosx_10_9_universal2.whl", hash = "sha256:aa91c21cd0011965369d3f6bb3477c6dd5b1b934508a28fbc74408e6152ec5c1"},
    {file = "grpcio-1.63.0rc2-cp39-cp39-manylinux_2_17_aarch64.whl", hash = "sha256:83fa8739db05ea9005612a3685239f86d59a392a09bd38e3d0e02949c2479380"},
    {file = "grpcio-1.63.0rc2-cp39-cp39-manylinux_2_17_i686.manylinux2014_i686.whl", hash = "sha256:ebe816b9434502819d2f4d43d4bddee1441783c478496e101fd45d873df25ab8"},
    {file = "grpcio-1.63.0rc2-cp39-cp39-manylinux_2_17_x86_64.manylinux2014_x86_64.whl", hash = "sha256:ec217a1eaab6870ecac05f9598e3752170a766440e43a3dbdfd4ac7363c7f875"},
    {file = "grpcio-1.63.0rc2-cp39-cp39-musllinux_1_1_i686.whl", hash = "sha256:0030716b960a57a4809fb3a51675446f94f52a03772c0522e4cdd70a2dd8d5fa"},
    {file = "grpcio-1.63.0rc2-cp39-cp39-musllinux_1_1_x86_64.whl", hash = "sha256:174831fb2cb582ae7e0a8cb54bc769a9860612bfdbd7d2bb42425902ac46a385"},
    {file = "grpcio-1.63.0rc2-cp39-cp39-win32.whl", hash = "sha256:b2189831d71dd7c30c5c48bd431e1376290e8b43514cee8345956f95ef908869"},
    {file = "grpcio-1.63.0rc2-cp39-cp39-win_amd64.whl", hash = "sha256:a947ad7c2a809cdc011f7c302f2dee2ffcda2f28ceb2b33a9eb86b9b7652c20b"},
    {file = "grpcio-1.63.0rc2.tar.gz", hash = "sha256:2cb397139f7f74cf7a34decbfe990c399967494739d1bcca901234c9b57d32e1"},
]

[package.extras]
protobuf = ["grpcio-tools (>=1.63.0rc2)"]

[[package]]
name = "grpcio-tools"
version = "1.63.0rc2"
description = "Protobuf code generator for gRPC"
optional = false
python-versions = ">=3.8"
files = [
    {file = "grpcio_tools-1.63.0rc2-cp310-cp310-linux_armv7l.whl", hash = "sha256:d6876f310cefdab5831c1ef4e1475994ec786ee3e009938871ed0b19090f88e9"},
    {file = "grpcio_tools-1.63.0rc2-cp310-cp310-macosx_12_0_universal2.whl", hash = "sha256:61bb0b91fd504297f53661f4ef6ae6f60487e271b3d6091c82f140411ff7d38b"},
    {file = "grpcio_tools-1.63.0rc2-cp310-cp310-manylinux_2_17_aarch64.whl", hash = "sha256:649c170e0797e2a069ed0b985ff365c37f33b490dfde2efc4414f715151de43a"},
    {file = "grpcio_tools-1.63.0rc2-cp310-cp310-manylinux_2_17_i686.manylinux2014_i686.whl", hash = "sha256:7c533516772500da3132694f9d9bdf539244bc3ad83dca083685e8dae50bd638"},
    {file = "grpcio_tools-1.63.0rc2-cp310-cp310-manylinux_2_17_x86_64.manylinux2014_x86_64.whl", hash = "sha256:f61c10584178d3979ab73fc0f1106c3701b0ee23eb97638480420eb36fc779f3"},
    {file = "grpcio_tools-1.63.0rc2-cp310-cp310-musllinux_1_1_i686.whl", hash = "sha256:159016043af5ff2e79086d6fd12baaf13858fd826aa56e254555bf7824b87232"},
    {file = "grpcio_tools-1.63.0rc2-cp310-cp310-musllinux_1_1_x86_64.whl", hash = "sha256:9467532f81e98418b0effded8b586ccc80787d3bdf0d5d58bd78454c461d032e"},
    {file = "grpcio_tools-1.63.0rc2-cp310-cp310-win32.whl", hash = "sha256:ea0966303a1259dabd24bf365d14f27cac1e83057cb3183887e0e807f5f29b00"},
    {file = "grpcio_tools-1.63.0rc2-cp310-cp310-win_amd64.whl", hash = "sha256:eb449cd1b62ac5b4f9fab9b4bbf32cb490a27a0b2b81585a8467de59ccb9c83c"},
    {file = "grpcio_tools-1.63.0rc2-cp311-cp311-linux_armv7l.whl", hash = "sha256:7d3b6b17217233118d893c18b119080b6ec3521d2d04fb86f14652d9a1eb9b28"},
    {file = "grpcio_tools-1.63.0rc2-cp311-cp311-macosx_10_9_universal2.whl", hash = "sha256:0a46b0330cdab8821ba0d0d66539a8be636c8b366c2000e8b1f030bcfc729344"},
    {file = "grpcio_tools-1.63.0rc2-cp311-cp311-manylinux_2_17_aarch64.whl", hash = "sha256:32ed0f61d9a17a9f8c7ba87fc3028fe3936d8de0e10823f5c2d82c31ba4a93ff"},
    {file = "grpcio_tools-1.63.0rc2-cp311-cp311-manylinux_2_17_i686.manylinux2014_i686.whl", hash = "sha256:f14f99ad488a61c0421f27a65a96f43ef691b4a7b74c386c775704eacf36351b"},
    {file = "grpcio_tools-1.63.0rc2-cp311-cp311-manylinux_2_17_x86_64.manylinux2014_x86_64.whl", hash = "sha256:7be2628b5c4884ec93d1acc188df0e790a413e3bfe604770b1f5ceca60477e3e"},
    {file = "grpcio_tools-1.63.0rc2-cp311-cp311-musllinux_1_1_i686.whl", hash = "sha256:083f2ea619b13e7410895e8c431751d3166cecb8ae4d28787fd812d67d3b3226"},
    {file = "grpcio_tools-1.63.0rc2-cp311-cp311-musllinux_1_1_x86_64.whl", hash = "sha256:926e7ac084ce7393b0ca8df6b67ce2065e08b6f42ea2402cc19f0f8606f41ef1"},
    {file = "grpcio_tools-1.63.0rc2-cp311-cp311-win32.whl", hash = "sha256:0fb07fe5e13dbb3c235c1d1c977edc08d8f5fde49f05aa31748998a03a21c763"},
    {file = "grpcio_tools-1.63.0rc2-cp311-cp311-win_amd64.whl", hash = "sha256:91e33bc1f12c36040a493c623f7610ff0a2cce9bd9ef9d95bebcc93acc21faef"},
    {file = "grpcio_tools-1.63.0rc2-cp312-cp312-linux_armv7l.whl", hash = "sha256:551ec2474200b73dfdeed13c882a25617b129a44956a3fa1fbddba660f31596c"},
    {file = "grpcio_tools-1.63.0rc2-cp312-cp312-macosx_10_9_universal2.whl", hash = "sha256:430b8be06d629519da565985a147ce555a820c756c04b3d8332bef5e3f518208"},
    {file = "grpcio_tools-1.63.0rc2-cp312-cp312-manylinux_2_17_aarch64.whl", hash = "sha256:5302f94cccdb4bcfacbed7b574899df2a79cb1bce2155ec5b11580481524c9de"},
    {file = "grpcio_tools-1.63.0rc2-cp312-cp312-manylinux_2_17_i686.manylinux2014_i686.whl", hash = "sha256:1b7d7cdac94b4023369358d16f130ed4055bac01a41a55e29aeb29b882098060"},
    {file = "grpcio_tools-1.63.0rc2-cp312-cp312-manylinux_2_17_x86_64.manylinux2014_x86_64.whl", hash = "sha256:cc7e021f0a73fb6b658dcaad16288142551056a0e01633883d6e3e7ecb830f01"},
    {file = "grpcio_tools-1.63.0rc2-cp312-cp312-musllinux_1_1_i686.whl", hash = "sha256:be9cdd7eebf9096d6a4e88a93765fb2dc0a424b6147301db950f9c7f72b14a3b"},
    {file = "grpcio_tools-1.63.0rc2-cp312-cp312-musllinux_1_1_x86_64.whl", hash = "sha256:eff32278feaedc6467f3f317a991a9ba9e1bb1bc120ac3af04cb6fa65caebeb4"},
    {file = "grpcio_tools-1.63.0rc2-cp312-cp312-win32.whl", hash = "sha256:1235efe56671de8855e17c6778dff89720facf253a536b588607a12efc2024a6"},
    {file = "grpcio_tools-1.63.0rc2-cp312-cp312-win_amd64.whl", hash = "sha256:fbe6be60302e4c8d0ec98b3f3a1f841ba28d285d6cd9a2753f05c6b9aa35c754"},
    {file = "grpcio_tools-1.63.0rc2-cp38-cp38-linux_armv7l.whl", hash = "sha256:3c57e3665adb813ab6a528b1fe054ff5969576e18729eaa260040f09e6238113"},
    {file = "grpcio_tools-1.63.0rc2-cp38-cp38-macosx_10_9_universal2.whl", hash = "sha256:5a20dc3bdb35b3e9451e137109979045d594b6edb2acddb45785ac5773dec7db"},
    {file = "grpcio_tools-1.63.0rc2-cp38-cp38-manylinux_2_17_aarch64.whl", hash = "sha256:e2f8bce6637dca67f225ee40f5fd53735f63474752572aad47afd10b68e832af"},
    {file = "grpcio_tools-1.63.0rc2-cp38-cp38-manylinux_2_17_i686.manylinux2014_i686.whl", hash = "sha256:a7bf107033ae6565a96c8f185a52a3b36c1d54ac9b0b612bc412985cc70bdf71"},
    {file = "grpcio_tools-1.63.0rc2-cp38-cp38-manylinux_2_17_x86_64.manylinux2014_x86_64.whl", hash = "sha256:1d60599bbaaf66dd9cab55d31f187fca48d69cbadf5bf087d9ada41759135fc4"},
    {file = "grpcio_tools-1.63.0rc2-cp38-cp38-musllinux_1_1_i686.whl", hash = "sha256:1750b9ea61da2382a31ec65e7490f36897f6109cd6ee153110880708fbe88752"},
    {file = "grpcio_tools-1.63.0rc2-cp38-cp38-musllinux_1_1_x86_64.whl", hash = "sha256:b33c5b106d84324b4ed857d17e544ca4262838706d58afb1d89c0f2655358155"},
    {file = "grpcio_tools-1.63.0rc2-cp38-cp38-win32.whl", hash = "sha256:0ea687b80fc253f7c8882341d2a515d574b446b6fa9291c684843026d0e35a02"},
    {file = "grpcio_tools-1.63.0rc2-cp38-cp38-win_amd64.whl", hash = "sha256:bc2ed9807dd9e9049469eac66bc0abb0648ebe4860d3fb5e9d2cb1cf9fa4a149"},
    {file = "grpcio_tools-1.63.0rc2-cp39-cp39-linux_armv7l.whl", hash = "sha256:30fbfde89433f586cadc643e3c08cdb146761ac8b9afa8254aeac3780780c346"},
    {file = "grpcio_tools-1.63.0rc2-cp39-cp39-macosx_10_9_universal2.whl", hash = "sha256:00c0b1f824727012a2b6da8bf222340a376d1632778ae7615d1c2171e8e2e5ac"},
    {file = "grpcio_tools-1.63.0rc2-cp39-cp39-manylinux_2_17_aarch64.whl", hash = "sha256:3a86f443f4d1eb3bed14b4aaf77ac938563996e87be7c32b50917664fd4a36d8"},
    {file = "grpcio_tools-1.63.0rc2-cp39-cp39-manylinux_2_17_i686.manylinux2014_i686.whl", hash = "sha256:38b03884a32a8f51bcc8c6a855ab958fed347a83c73da4aecceb086d2d9cd85c"},
    {file = "grpcio_tools-1.63.0rc2-cp39-cp39-manylinux_2_17_x86_64.manylinux2014_x86_64.whl", hash = "sha256:1b652023468a27d8b381bb9c6be61c311b36dc173ba70c9b719a0932f3b4a931"},
    {file = "grpcio_tools-1.63.0rc2-cp39-cp39-musllinux_1_1_i686.whl", hash = "sha256:b54f13e6aa1ba73a626219f43860fe08a07f38ab6f9df1afe8a2fc1e55332792"},
    {file = "grpcio_tools-1.63.0rc2-cp39-cp39-musllinux_1_1_x86_64.whl", hash = "sha256:5cf49f8f37afcee4db93c56e3d472bb7f3e60ea64894be1a375cb29453c76484"},
    {file = "grpcio_tools-1.63.0rc2-cp39-cp39-win32.whl", hash = "sha256:a892b82c4b23bbc06c410be3ae886cc73099144b7afd36e4855a8431322f5cef"},
    {file = "grpcio_tools-1.63.0rc2-cp39-cp39-win_amd64.whl", hash = "sha256:975fc76ee323461426cf6ca0dea7a0bc2e0f9588c71e3033abe0d84e9056ac80"},
    {file = "grpcio_tools-1.63.0rc2.tar.gz", hash = "sha256:769ac6c06f511ae8266f60706555bd8f48ef7d79d3e7bb7a9ea72d7413654300"},
]

[package.dependencies]
grpcio = ">=1.63.0rc2"
protobuf = ">=5.26.1,<6.0dev"
setuptools = "*"

[[package]]
name = "ipdb"
version = "0.13.13"
description = "IPython-enabled pdb"
optional = false
python-versions = ">=2.7, !=3.0.*, !=3.1.*, !=3.2.*, !=3.3.*"
files = [
    {file = "ipdb-0.13.13-py3-none-any.whl", hash = "sha256:45529994741c4ab6d2388bfa5d7b725c2cf7fe9deffabdb8a6113aa5ed449ed4"},
    {file = "ipdb-0.13.13.tar.gz", hash = "sha256:e3ac6018ef05126d442af680aad863006ec19d02290561ac88b8b1c0b0cfc726"},
]

[package.dependencies]
decorator = {version = "*", markers = "python_version >= \"3.11\""}
ipython = {version = ">=7.31.1", markers = "python_version >= \"3.11\""}

[[package]]
name = "ipython"
version = "8.23.0"
description = "IPython: Productive Interactive Computing"
optional = false
python-versions = ">=3.10"
files = [
    {file = "ipython-8.23.0-py3-none-any.whl", hash = "sha256:07232af52a5ba146dc3372c7bf52a0f890a23edf38d77caef8d53f9cdc2584c1"},
    {file = "ipython-8.23.0.tar.gz", hash = "sha256:7468edaf4f6de3e1b912e57f66c241e6fd3c7099f2ec2136e239e142e800274d"},
]

[package.dependencies]
colorama = {version = "*", markers = "sys_platform == \"win32\""}
decorator = "*"
jedi = ">=0.16"
matplotlib-inline = "*"
pexpect = {version = ">4.3", markers = "sys_platform != \"win32\" and sys_platform != \"emscripten\""}
prompt-toolkit = ">=3.0.41,<3.1.0"
pygments = ">=2.4.0"
stack-data = "*"
traitlets = ">=5.13.0"
typing-extensions = {version = "*", markers = "python_version < \"3.12\""}

[package.extras]
all = ["ipython[black,doc,kernel,matplotlib,nbconvert,nbformat,notebook,parallel,qtconsole]", "ipython[test,test-extra]"]
black = ["black"]
doc = ["docrepr", "exceptiongroup", "ipykernel", "ipython[test]", "matplotlib", "setuptools (>=18.5)", "sphinx (>=1.3)", "sphinx-rtd-theme", "sphinxcontrib-jquery", "stack-data", "typing-extensions"]
kernel = ["ipykernel"]
matplotlib = ["matplotlib"]
nbconvert = ["nbconvert"]
nbformat = ["nbformat"]
notebook = ["ipywidgets", "notebook"]
parallel = ["ipyparallel"]
qtconsole = ["qtconsole"]
test = ["pickleshare", "pytest (<8)", "pytest-asyncio (<0.22)", "testpath"]
test-extra = ["curio", "ipython[test]", "matplotlib (!=3.2.0)", "nbformat", "numpy (>=1.23)", "pandas", "trio"]

[[package]]
name = "jedi"
version = "0.19.1"
description = "An autocompletion tool for Python that can be used for text editors."
optional = false
python-versions = ">=3.6"
files = [
    {file = "jedi-0.19.1-py2.py3-none-any.whl", hash = "sha256:e983c654fe5c02867aef4cdfce5a2fbb4a50adc0af145f70504238f18ef5e7e0"},
    {file = "jedi-0.19.1.tar.gz", hash = "sha256:cf0496f3651bc65d7174ac1b7d043eff454892c708a87d1b683e57b569927ffd"},
]

[package.dependencies]
parso = ">=0.8.3,<0.9.0"

[package.extras]
docs = ["Jinja2 (==2.11.3)", "MarkupSafe (==1.1.1)", "Pygments (==2.8.1)", "alabaster (==0.7.12)", "babel (==2.9.1)", "chardet (==4.0.0)", "commonmark (==0.8.1)", "docutils (==0.17.1)", "future (==0.18.2)", "idna (==2.10)", "imagesize (==1.2.0)", "mock (==1.0.1)", "packaging (==20.9)", "pyparsing (==2.4.7)", "pytz (==2021.1)", "readthedocs-sphinx-ext (==2.1.4)", "recommonmark (==0.5.0)", "requests (==2.25.1)", "six (==1.15.0)", "snowballstemmer (==2.1.0)", "sphinx (==1.8.5)", "sphinx-rtd-theme (==0.4.3)", "sphinxcontrib-serializinghtml (==1.1.4)", "sphinxcontrib-websupport (==1.2.4)", "urllib3 (==1.26.4)"]
qa = ["flake8 (==5.0.4)", "mypy (==0.971)", "types-setuptools (==67.2.0.1)"]
testing = ["Django", "attrs", "colorama", "docopt", "pytest (<7.0.0)"]

[[package]]
name = "matplotlib-inline"
version = "0.1.7"
description = "Inline Matplotlib backend for Jupyter"
optional = false
python-versions = ">=3.8"
files = [
    {file = "matplotlib_inline-0.1.7-py3-none-any.whl", hash = "sha256:df192d39a4ff8f21b1895d72e6a13f5fcc5099f00fa84384e0ea28c2cc0653ca"},
    {file = "matplotlib_inline-0.1.7.tar.gz", hash = "sha256:8423b23ec666be3d16e16b60bdd8ac4e86e840ebd1dd11a30b9f117f2fa0ab90"},
]

[package.dependencies]
traitlets = "*"

[[package]]
name = "parso"
version = "0.8.4"
description = "A Python Parser"
optional = false
python-versions = ">=3.6"
files = [
    {file = "parso-0.8.4-py2.py3-none-any.whl", hash = "sha256:a418670a20291dacd2dddc80c377c5c3791378ee1e8d12bffc35420643d43f18"},
    {file = "parso-0.8.4.tar.gz", hash = "sha256:eb3a7b58240fb99099a345571deecc0f9540ea5f4dd2fe14c2a99d6b281ab92d"},
]

[package.extras]
qa = ["flake8 (==5.0.4)", "mypy (==0.971)", "types-setuptools (==67.2.0.1)"]
testing = ["docopt", "pytest"]

[[package]]
name = "pexpect"
version = "4.9.0"
description = "Pexpect allows easy control of interactive console applications."
optional = false
python-versions = "*"
files = [
    {file = "pexpect-4.9.0-py2.py3-none-any.whl", hash = "sha256:7236d1e080e4936be2dc3e326cec0af72acf9212a7e1d060210e70a47e253523"},
    {file = "pexpect-4.9.0.tar.gz", hash = "sha256:ee7d41123f3c9911050ea2c2dac107568dc43b2d3b0c7557a33212c398ead30f"},
]

[package.dependencies]
ptyprocess = ">=0.5"

[[package]]
name = "pillow"
version = "10.3.0"
description = "Python Imaging Library (Fork)"
optional = false
python-versions = ">=3.8"
files = [
    {file = "pillow-10.3.0-cp310-cp310-macosx_10_10_x86_64.whl", hash = "sha256:90b9e29824800e90c84e4022dd5cc16eb2d9605ee13f05d47641eb183cd73d45"},
    {file = "pillow-10.3.0-cp310-cp310-macosx_11_0_arm64.whl", hash = "sha256:a2c405445c79c3f5a124573a051062300936b0281fee57637e706453e452746c"},
    {file = "pillow-10.3.0-cp310-cp310-manylinux_2_17_aarch64.manylinux2014_aarch64.whl", hash = "sha256:78618cdbccaa74d3f88d0ad6cb8ac3007f1a6fa5c6f19af64b55ca170bfa1edf"},
    {file = "pillow-10.3.0-cp310-cp310-manylinux_2_17_x86_64.manylinux2014_x86_64.whl", hash = "sha256:261ddb7ca91fcf71757979534fb4c128448b5b4c55cb6152d280312062f69599"},
    {file = "pillow-10.3.0-cp310-cp310-manylinux_2_28_aarch64.whl", hash = "sha256:ce49c67f4ea0609933d01c0731b34b8695a7a748d6c8d186f95e7d085d2fe475"},
    {file = "pillow-10.3.0-cp310-cp310-manylinux_2_28_x86_64.whl", hash = "sha256:b14f16f94cbc61215115b9b1236f9c18403c15dd3c52cf629072afa9d54c1cbf"},
    {file = "pillow-10.3.0-cp310-cp310-musllinux_1_1_aarch64.whl", hash = "sha256:d33891be6df59d93df4d846640f0e46f1a807339f09e79a8040bc887bdcd7ed3"},
    {file = "pillow-10.3.0-cp310-cp310-musllinux_1_1_x86_64.whl", hash = "sha256:b50811d664d392f02f7761621303eba9d1b056fb1868c8cdf4231279645c25f5"},
    {file = "pillow-10.3.0-cp310-cp310-win32.whl", hash = "sha256:ca2870d5d10d8726a27396d3ca4cf7976cec0f3cb706debe88e3a5bd4610f7d2"},
    {file = "pillow-10.3.0-cp310-cp310-win_amd64.whl", hash = "sha256:f0d0591a0aeaefdaf9a5e545e7485f89910c977087e7de2b6c388aec32011e9f"},
    {file = "pillow-10.3.0-cp310-cp310-win_arm64.whl", hash = "sha256:ccce24b7ad89adb5a1e34a6ba96ac2530046763912806ad4c247356a8f33a67b"},
    {file = "pillow-10.3.0-cp311-cp311-macosx_10_10_x86_64.whl", hash = "sha256:5f77cf66e96ae734717d341c145c5949c63180842a545c47a0ce7ae52ca83795"},
    {file = "pillow-10.3.0-cp311-cp311-macosx_11_0_arm64.whl", hash = "sha256:e4b878386c4bf293578b48fc570b84ecfe477d3b77ba39a6e87150af77f40c57"},
    {file = "pillow-10.3.0-cp311-cp311-manylinux_2_17_aarch64.manylinux2014_aarch64.whl", hash = "sha256:fdcbb4068117dfd9ce0138d068ac512843c52295ed996ae6dd1faf537b6dbc27"},
    {file = "pillow-10.3.0-cp311-cp311-manylinux_2_17_x86_64.manylinux2014_x86_64.whl", hash = "sha256:9797a6c8fe16f25749b371c02e2ade0efb51155e767a971c61734b1bf6293994"},
    {file = "pillow-10.3.0-cp311-cp311-manylinux_2_28_aarch64.whl", hash = "sha256:9e91179a242bbc99be65e139e30690e081fe6cb91a8e77faf4c409653de39451"},
    {file = "pillow-10.3.0-cp311-cp311-manylinux_2_28_x86_64.whl", hash = "sha256:1b87bd9d81d179bd8ab871603bd80d8645729939f90b71e62914e816a76fc6bd"},
    {file = "pillow-10.3.0-cp311-cp311-musllinux_1_1_aarch64.whl", hash = "sha256:81d09caa7b27ef4e61cb7d8fbf1714f5aec1c6b6c5270ee53504981e6e9121ad"},
    {file = "pillow-10.3.0-cp311-cp311-musllinux_1_1_x86_64.whl", hash = "sha256:048ad577748b9fa4a99a0548c64f2cb8d672d5bf2e643a739ac8faff1164238c"},
    {file = "pillow-10.3.0-cp311-cp311-win32.whl", hash = "sha256:7161ec49ef0800947dc5570f86568a7bb36fa97dd09e9827dc02b718c5643f09"},
    {file = "pillow-10.3.0-cp311-cp311-win_amd64.whl", hash = "sha256:8eb0908e954d093b02a543dc963984d6e99ad2b5e36503d8a0aaf040505f747d"},
    {file = "pillow-10.3.0-cp311-cp311-win_arm64.whl", hash = "sha256:4e6f7d1c414191c1199f8996d3f2282b9ebea0945693fb67392c75a3a320941f"},
    {file = "pillow-10.3.0-cp312-cp312-macosx_10_10_x86_64.whl", hash = "sha256:e46f38133e5a060d46bd630faa4d9fa0202377495df1f068a8299fd78c84de84"},
    {file = "pillow-10.3.0-cp312-cp312-macosx_11_0_arm64.whl", hash = "sha256:50b8eae8f7334ec826d6eeffaeeb00e36b5e24aa0b9df322c247539714c6df19"},
    {file = "pillow-10.3.0-cp312-cp312-manylinux_2_17_aarch64.manylinux2014_aarch64.whl", hash = "sha256:9d3bea1c75f8c53ee4d505c3e67d8c158ad4df0d83170605b50b64025917f338"},
    {file = "pillow-10.3.0-cp312-cp312-manylinux_2_17_x86_64.manylinux2014_x86_64.whl", hash = "sha256:19aeb96d43902f0a783946a0a87dbdad5c84c936025b8419da0a0cd7724356b1"},
    {file = "pillow-10.3.0-cp312-cp312-manylinux_2_28_aarch64.whl", hash = "sha256:74d28c17412d9caa1066f7a31df8403ec23d5268ba46cd0ad2c50fb82ae40462"},
    {file = "pillow-10.3.0-cp312-cp312-manylinux_2_28_x86_64.whl", hash = "sha256:ff61bfd9253c3915e6d41c651d5f962da23eda633cf02262990094a18a55371a"},
    {file = "pillow-10.3.0-cp312-cp312-musllinux_1_1_aarch64.whl", hash = "sha256:d886f5d353333b4771d21267c7ecc75b710f1a73d72d03ca06df49b09015a9ef"},
    {file = "pillow-10.3.0-cp312-cp312-musllinux_1_1_x86_64.whl", hash = "sha256:4b5ec25d8b17217d635f8935dbc1b9aa5907962fae29dff220f2659487891cd3"},
    {file = "pillow-10.3.0-cp312-cp312-win32.whl", hash = "sha256:51243f1ed5161b9945011a7360e997729776f6e5d7005ba0c6879267d4c5139d"},
    {file = "pillow-10.3.0-cp312-cp312-win_amd64.whl", hash = "sha256:412444afb8c4c7a6cc11a47dade32982439925537e483be7c0ae0cf96c4f6a0b"},
    {file = "pillow-10.3.0-cp312-cp312-win_arm64.whl", hash = "sha256:798232c92e7665fe82ac085f9d8e8ca98826f8e27859d9a96b41d519ecd2e49a"},
    {file = "pillow-10.3.0-cp38-cp38-macosx_10_10_x86_64.whl", hash = "sha256:4eaa22f0d22b1a7e93ff0a596d57fdede2e550aecffb5a1ef1106aaece48e96b"},
    {file = "pillow-10.3.0-cp38-cp38-macosx_11_0_arm64.whl", hash = "sha256:cd5e14fbf22a87321b24c88669aad3a51ec052eb145315b3da3b7e3cc105b9a2"},
    {file = "pillow-10.3.0-cp38-cp38-manylinux_2_17_aarch64.manylinux2014_aarch64.whl", hash = "sha256:1530e8f3a4b965eb6a7785cf17a426c779333eb62c9a7d1bbcf3ffd5bf77a4aa"},
    {file = "pillow-10.3.0-cp38-cp38-manylinux_2_17_x86_64.manylinux2014_x86_64.whl", hash = "sha256:5d512aafa1d32efa014fa041d38868fda85028e3f930a96f85d49c7d8ddc0383"},
    {file = "pillow-10.3.0-cp38-cp38-manylinux_2_28_aarch64.whl", hash = "sha256:339894035d0ede518b16073bdc2feef4c991ee991a29774b33e515f1d308e08d"},
    {file = "pillow-10.3.0-cp38-cp38-manylinux_2_28_x86_64.whl", hash = "sha256:aa7e402ce11f0885305bfb6afb3434b3cd8f53b563ac065452d9d5654c7b86fd"},
    {file = "pillow-10.3.0-cp38-cp38-musllinux_1_1_aarch64.whl", hash = "sha256:0ea2a783a2bdf2a561808fe4a7a12e9aa3799b701ba305de596bc48b8bdfce9d"},
    {file = "pillow-10.3.0-cp38-cp38-musllinux_1_1_x86_64.whl", hash = "sha256:c78e1b00a87ce43bb37642c0812315b411e856a905d58d597750eb79802aaaa3"},
    {file = "pillow-10.3.0-cp38-cp38-win32.whl", hash = "sha256:72d622d262e463dfb7595202d229f5f3ab4b852289a1cd09650362db23b9eb0b"},
    {file = "pillow-10.3.0-cp38-cp38-win_amd64.whl", hash = "sha256:2034f6759a722da3a3dbd91a81148cf884e91d1b747992ca288ab88c1de15999"},
    {file = "pillow-10.3.0-cp39-cp39-macosx_10_10_x86_64.whl", hash = "sha256:2ed854e716a89b1afcedea551cd85f2eb2a807613752ab997b9974aaa0d56936"},
    {file = "pillow-10.3.0-cp39-cp39-macosx_11_0_arm64.whl", hash = "sha256:dc1a390a82755a8c26c9964d457d4c9cbec5405896cba94cf51f36ea0d855002"},
    {file = "pillow-10.3.0-cp39-cp39-manylinux_2_17_aarch64.manylinux2014_aarch64.whl", hash = "sha256:4203efca580f0dd6f882ca211f923168548f7ba334c189e9eab1178ab840bf60"},
    {file = "pillow-10.3.0-cp39-cp39-manylinux_2_17_x86_64.manylinux2014_x86_64.whl", hash = "sha256:3102045a10945173d38336f6e71a8dc71bcaeed55c3123ad4af82c52807b9375"},
    {file = "pillow-10.3.0-cp39-cp39-manylinux_2_28_aarch64.whl", hash = "sha256:6fb1b30043271ec92dc65f6d9f0b7a830c210b8a96423074b15c7bc999975f57"},
    {file = "pillow-10.3.0-cp39-cp39-manylinux_2_28_x86_64.whl", hash = "sha256:1dfc94946bc60ea375cc39cff0b8da6c7e5f8fcdc1d946beb8da5c216156ddd8"},
    {file = "pillow-10.3.0-cp39-cp39-musllinux_1_1_aarch64.whl", hash = "sha256:b09b86b27a064c9624d0a6c54da01c1beaf5b6cadfa609cf63789b1d08a797b9"},
    {file = "pillow-10.3.0-cp39-cp39-musllinux_1_1_x86_64.whl", hash = "sha256:d3b2348a78bc939b4fed6552abfd2e7988e0f81443ef3911a4b8498ca084f6eb"},
    {file = "pillow-10.3.0-cp39-cp39-win32.whl", hash = "sha256:45ebc7b45406febf07fef35d856f0293a92e7417ae7933207e90bf9090b70572"},
    {file = "pillow-10.3.0-cp39-cp39-win_amd64.whl", hash = "sha256:0ba26351b137ca4e0db0342d5d00d2e355eb29372c05afd544ebf47c0956ffeb"},
    {file = "pillow-10.3.0-cp39-cp39-win_arm64.whl", hash = "sha256:50fd3f6b26e3441ae07b7c979309638b72abc1a25da31a81a7fbd9495713ef4f"},
    {file = "pillow-10.3.0-pp310-pypy310_pp73-macosx_10_10_x86_64.whl", hash = "sha256:6b02471b72526ab8a18c39cb7967b72d194ec53c1fd0a70b050565a0f366d355"},
    {file = "pillow-10.3.0-pp310-pypy310_pp73-macosx_11_0_arm64.whl", hash = "sha256:8ab74c06ffdab957d7670c2a5a6e1a70181cd10b727cd788c4dd9005b6a8acd9"},
    {file = "pillow-10.3.0-pp310-pypy310_pp73-manylinux_2_17_aarch64.manylinux2014_aarch64.whl", hash = "sha256:048eeade4c33fdf7e08da40ef402e748df113fd0b4584e32c4af74fe78baaeb2"},
    {file = "pillow-10.3.0-pp310-pypy310_pp73-manylinux_2_17_x86_64.manylinux2014_x86_64.whl", hash = "sha256:9e2ec1e921fd07c7cda7962bad283acc2f2a9ccc1b971ee4b216b75fad6f0463"},
    {file = "pillow-10.3.0-pp310-pypy310_pp73-manylinux_2_28_aarch64.whl", hash = "sha256:4c8e73e99da7db1b4cad7f8d682cf6abad7844da39834c288fbfa394a47bbced"},
    {file = "pillow-10.3.0-pp310-pypy310_pp73-manylinux_2_28_x86_64.whl", hash = "sha256:16563993329b79513f59142a6b02055e10514c1a8e86dca8b48a893e33cf91e3"},
    {file = "pillow-10.3.0-pp310-pypy310_pp73-win_amd64.whl", hash = "sha256:dd78700f5788ae180b5ee8902c6aea5a5726bac7c364b202b4b3e3ba2d293170"},
    {file = "pillow-10.3.0-pp39-pypy39_pp73-macosx_10_10_x86_64.whl", hash = "sha256:aff76a55a8aa8364d25400a210a65ff59d0168e0b4285ba6bf2bd83cf675ba32"},
    {file = "pillow-10.3.0-pp39-pypy39_pp73-macosx_11_0_arm64.whl", hash = "sha256:b7bc2176354defba3edc2b9a777744462da2f8e921fbaf61e52acb95bafa9828"},
    {file = "pillow-10.3.0-pp39-pypy39_pp73-manylinux_2_17_aarch64.manylinux2014_aarch64.whl", hash = "sha256:793b4e24db2e8742ca6423d3fde8396db336698c55cd34b660663ee9e45ed37f"},
    {file = "pillow-10.3.0-pp39-pypy39_pp73-manylinux_2_17_x86_64.manylinux2014_x86_64.whl", hash = "sha256:d93480005693d247f8346bc8ee28c72a2191bdf1f6b5db469c096c0c867ac015"},
    {file = "pillow-10.3.0-pp39-pypy39_pp73-manylinux_2_28_aarch64.whl", hash = "sha256:c83341b89884e2b2e55886e8fbbf37c3fa5efd6c8907124aeb72f285ae5696e5"},
    {file = "pillow-10.3.0-pp39-pypy39_pp73-manylinux_2_28_x86_64.whl", hash = "sha256:1a1d1915db1a4fdb2754b9de292642a39a7fb28f1736699527bb649484fb966a"},
    {file = "pillow-10.3.0-pp39-pypy39_pp73-win_amd64.whl", hash = "sha256:a0eaa93d054751ee9964afa21c06247779b90440ca41d184aeb5d410f20ff591"},
    {file = "pillow-10.3.0.tar.gz", hash = "sha256:9d2455fbf44c914840c793e89aa82d0e1763a14253a000743719ae5946814b2d"},
]

[package.extras]
docs = ["furo", "olefile", "sphinx (>=2.4)", "sphinx-copybutton", "sphinx-inline-tabs", "sphinx-removed-in", "sphinxext-opengraph"]
fpx = ["olefile"]
mic = ["olefile"]
tests = ["check-manifest", "coverage", "defusedxml", "markdown2", "olefile", "packaging", "pyroma", "pytest", "pytest-cov", "pytest-timeout"]
typing = ["typing-extensions"]
xmp = ["defusedxml"]

[[package]]
name = "prompt-toolkit"
version = "3.0.43"
description = "Library for building powerful interactive command lines in Python"
optional = false
python-versions = ">=3.7.0"
files = [
    {file = "prompt_toolkit-3.0.43-py3-none-any.whl", hash = "sha256:a11a29cb3bf0a28a387fe5122cdb649816a957cd9261dcedf8c9f1fef33eacf6"},
    {file = "prompt_toolkit-3.0.43.tar.gz", hash = "sha256:3527b7af26106cbc65a040bcc84839a3566ec1b051bb0bfe953631e704b0ff7d"},
]

[package.dependencies]
wcwidth = "*"

[[package]]
name = "protobuf"
version = "5.26.1"
description = ""
optional = false
python-versions = ">=3.8"
files = [
    {file = "protobuf-5.26.1-cp310-abi3-win32.whl", hash = "sha256:3c388ea6ddfe735f8cf69e3f7dc7611e73107b60bdfcf5d0f024c3ccd3794e23"},
    {file = "protobuf-5.26.1-cp310-abi3-win_amd64.whl", hash = "sha256:e6039957449cb918f331d32ffafa8eb9255769c96aa0560d9a5bf0b4e00a2a33"},
    {file = "protobuf-5.26.1-cp37-abi3-macosx_10_9_universal2.whl", hash = "sha256:38aa5f535721d5bb99861166c445c4105c4e285c765fbb2ac10f116e32dcd46d"},
    {file = "protobuf-5.26.1-cp37-abi3-manylinux2014_aarch64.whl", hash = "sha256:fbfe61e7ee8c1860855696e3ac6cfd1b01af5498facc6834fcc345c9684fb2ca"},
    {file = "protobuf-5.26.1-cp37-abi3-manylinux2014_x86_64.whl", hash = "sha256:f7417703f841167e5a27d48be13389d52ad705ec09eade63dfc3180a959215d7"},
    {file = "protobuf-5.26.1-cp38-cp38-win32.whl", hash = "sha256:d693d2504ca96750d92d9de8a103102dd648fda04540495535f0fec7577ed8fc"},
    {file = "protobuf-5.26.1-cp38-cp38-win_amd64.whl", hash = "sha256:9b557c317ebe6836835ec4ef74ec3e994ad0894ea424314ad3552bc6e8835b4e"},
    {file = "protobuf-5.26.1-cp39-cp39-win32.whl", hash = "sha256:b9ba3ca83c2e31219ffbeb9d76b63aad35a3eb1544170c55336993d7a18ae72c"},
    {file = "protobuf-5.26.1-cp39-cp39-win_amd64.whl", hash = "sha256:7ee014c2c87582e101d6b54260af03b6596728505c79f17c8586e7523aaa8f8c"},
    {file = "protobuf-5.26.1-py3-none-any.whl", hash = "sha256:da612f2720c0183417194eeaa2523215c4fcc1a1949772dc65f05047e08d5932"},
    {file = "protobuf-5.26.1.tar.gz", hash = "sha256:8ca2a1d97c290ec7b16e4e5dff2e5ae150cc1582f55b5ab300d45cb0dfa90e51"},
]

[[package]]
name = "ptyprocess"
version = "0.7.0"
description = "Run a subprocess in a pseudo terminal"
optional = false
python-versions = "*"
files = [
    {file = "ptyprocess-0.7.0-py2.py3-none-any.whl", hash = "sha256:4b41f3967fce3af57cc7e94b888626c18bf37a083e3651ca8feeb66d492fef35"},
    {file = "ptyprocess-0.7.0.tar.gz", hash = "sha256:5c5d0a3b48ceee0b48485e0c26037c0acd7d29765ca3fbb5cb3831d347423220"},
]

[[package]]
name = "pure-eval"
version = "0.2.2"
description = "Safely evaluate AST nodes without side effects"
optional = false
python-versions = "*"
files = [
    {file = "pure_eval-0.2.2-py3-none-any.whl", hash = "sha256:01eaab343580944bc56080ebe0a674b39ec44a945e6d09ba7db3cb8cec289350"},
    {file = "pure_eval-0.2.2.tar.gz", hash = "sha256:2b45320af6dfaa1750f543d714b6d1c520a1688dec6fd24d339063ce0aaa9ac3"},
]

[package.extras]
tests = ["pytest"]

[[package]]
name = "pygments"
version = "2.17.2"
description = "Pygments is a syntax highlighting package written in Python."
optional = false
python-versions = ">=3.7"
files = [
    {file = "pygments-2.17.2-py3-none-any.whl", hash = "sha256:b27c2826c47d0f3219f29554824c30c5e8945175d888647acd804ddd04af846c"},
    {file = "pygments-2.17.2.tar.gz", hash = "sha256:da46cec9fd2de5be3a8a784f434e4c4ab670b4ff54d605c4c2717e9d49c4c367"},
]

[package.extras]
plugins = ["importlib-metadata"]
windows-terminal = ["colorama (>=0.4.6)"]

[[package]]
name = "pypng"
version = "0.20220715.0"
description = "Pure Python library for saving and loading PNG images"
optional = false
python-versions = "*"
files = [
    {file = "pypng-0.20220715.0-py3-none-any.whl", hash = "sha256:4a43e969b8f5aaafb2a415536c1a8ec7e341cd6a3f957fd5b5f32a4cfeed902c"},
    {file = "pypng-0.20220715.0.tar.gz", hash = "sha256:739c433ba96f078315de54c0db975aee537cbc3e1d0ae4ed9aab0ca1e427e2c1"},
]

[[package]]
name = "pyqrcode"
version = "1.2.1"
description = "A QR code generator written purely in Python with SVG, EPS, PNG and terminal output."
optional = false
python-versions = "*"
files = [
    {file = "PyQRCode-1.2.1.tar.gz", hash = "sha256:fdbf7634733e56b72e27f9bce46e4550b75a3a2c420414035cae9d9d26b234d5"},
    {file = "PyQRCode-1.2.1.zip", hash = "sha256:1b2812775fa6ff5c527977c4cd2ccb07051ca7d0bc0aecf937a43864abe5eff6"},
]

[package.extras]
png = ["pypng (>=0.0.13)"]

[[package]]
name = "pyzbar"
version = "0.1.9"
description = "Read one-dimensional barcodes and QR codes from Python 2 and 3."
optional = false
python-versions = "*"
files = [
    {file = "pyzbar-0.1.9-py2.py3-none-any.whl", hash = "sha256:4559628b8192feb25766d954b36a3753baaf5c97c03135aec7e4a026036b475d"},
    {file = "pyzbar-0.1.9-py2.py3-none-win32.whl", hash = "sha256:8f4c5264c9c7c6b9f20d01efc52a4eba1ded47d9ba857a94130afe33703eb518"},
    {file = "pyzbar-0.1.9-py2.py3-none-win_amd64.whl", hash = "sha256:13e3ee5a2f3a545204a285f41814d5c0db571967e8d4af8699a03afc55182a9c"},
]

[package.extras]
scripts = ["Pillow (>=3.2.0)"]

[[package]]
name = "ruff"
version = "0.4.1"
description = "An extremely fast Python linter and code formatter, written in Rust."
optional = false
python-versions = ">=3.7"
files = [
    {file = "ruff-0.4.1-py3-none-macosx_10_12_x86_64.macosx_11_0_arm64.macosx_10_12_universal2.whl", hash = "sha256:2d9ef6231e3fbdc0b8c72404a1a0c46fd0dcea84efca83beb4681c318ea6a953"},
    {file = "ruff-0.4.1-py3-none-macosx_10_12_x86_64.whl", hash = "sha256:9485f54a7189e6f7433e0058cf8581bee45c31a25cd69009d2a040d1bd4bfaef"},
    {file = "ruff-0.4.1-py3-none-manylinux_2_17_aarch64.manylinux2014_aarch64.whl", hash = "sha256:d2921ac03ce1383e360e8a95442ffb0d757a6a7ddd9a5be68561a671e0e5807e"},
    {file = "ruff-0.4.1-py3-none-manylinux_2_17_armv7l.manylinux2014_armv7l.whl", hash = "sha256:eec8d185fe193ad053eda3a6be23069e0c8ba8c5d20bc5ace6e3b9e37d246d3f"},
    {file = "ruff-0.4.1-py3-none-manylinux_2_17_i686.manylinux2014_i686.whl", hash = "sha256:baa27d9d72a94574d250f42b7640b3bd2edc4c58ac8ac2778a8c82374bb27984"},
    {file = "ruff-0.4.1-py3-none-manylinux_2_17_ppc64.manylinux2014_ppc64.whl", hash = "sha256:f1ee41580bff1a651339eb3337c20c12f4037f6110a36ae4a2d864c52e5ef954"},
    {file = "ruff-0.4.1-py3-none-manylinux_2_17_ppc64le.manylinux2014_ppc64le.whl", hash = "sha256:0926cefb57fc5fced629603fbd1a23d458b25418681d96823992ba975f050c2b"},
    {file = "ruff-0.4.1-py3-none-manylinux_2_17_s390x.manylinux2014_s390x.whl", hash = "sha256:2c6e37f2e3cd74496a74af9a4fa67b547ab3ca137688c484749189bf3a686ceb"},
    {file = "ruff-0.4.1-py3-none-manylinux_2_17_x86_64.manylinux2014_x86_64.whl", hash = "sha256:efd703a5975ac1998c2cc5e9494e13b28f31e66c616b0a76e206de2562e0843c"},
    {file = "ruff-0.4.1-py3-none-musllinux_1_2_aarch64.whl", hash = "sha256:b92f03b4aa9fa23e1799b40f15f8b95cdc418782a567d6c43def65e1bbb7f1cf"},
    {file = "ruff-0.4.1-py3-none-musllinux_1_2_armv7l.whl", hash = "sha256:1c859f294f8633889e7d77de228b203eb0e9a03071b72b5989d89a0cf98ee262"},
    {file = "ruff-0.4.1-py3-none-musllinux_1_2_i686.whl", hash = "sha256:b34510141e393519a47f2d7b8216fec747ea1f2c81e85f076e9f2910588d4b64"},
    {file = "ruff-0.4.1-py3-none-musllinux_1_2_x86_64.whl", hash = "sha256:6e68d248ed688b9d69fd4d18737edcbb79c98b251bba5a2b031ce2470224bdf9"},
    {file = "ruff-0.4.1-py3-none-win32.whl", hash = "sha256:b90506f3d6d1f41f43f9b7b5ff845aeefabed6d2494307bc7b178360a8805252"},
    {file = "ruff-0.4.1-py3-none-win_amd64.whl", hash = "sha256:c7d391e5936af5c9e252743d767c564670dc3889aff460d35c518ee76e4b26d7"},
    {file = "ruff-0.4.1-py3-none-win_arm64.whl", hash = "sha256:a1eaf03d87e6a7cd5e661d36d8c6e874693cb9bc3049d110bc9a97b350680c43"},
    {file = "ruff-0.4.1.tar.gz", hash = "sha256:d592116cdbb65f8b1b7e2a2b48297eb865f6bdc20641879aa9d7b9c11d86db79"},
]

[[package]]
name = "setuptools"
version = "69.5.1"
description = "Easily download, build, install, upgrade, and uninstall Python packages"
optional = false
python-versions = ">=3.8"
files = [
    {file = "setuptools-69.5.1-py3-none-any.whl", hash = "sha256:c636ac361bc47580504644275c9ad802c50415c7522212252c033bd15f301f32"},
    {file = "setuptools-69.5.1.tar.gz", hash = "sha256:6c1fccdac05a97e598fb0ae3bbed5904ccb317337a51139dcd51453611bbb987"},
]

[package.extras]
docs = ["furo", "jaraco.packaging (>=9.3)", "jaraco.tidelift (>=1.4)", "pygments-github-lexers (==0.0.5)", "rst.linker (>=1.9)", "sphinx (>=3.5)", "sphinx-favicon", "sphinx-inline-tabs", "sphinx-lint", "sphinx-notfound-page (>=1,<2)", "sphinx-reredirects", "sphinxcontrib-towncrier"]
testing = ["build[virtualenv]", "filelock (>=3.4.0)", "importlib-metadata", "ini2toml[lite] (>=0.9)", "jaraco.develop (>=7.21)", "jaraco.envs (>=2.2)", "jaraco.path (>=3.2.0)", "mypy (==1.9)", "packaging (>=23.2)", "pip (>=19.1)", "pytest (>=6,!=8.1.1)", "pytest-checkdocs (>=2.4)", "pytest-cov", "pytest-enabler (>=2.2)", "pytest-home (>=0.5)", "pytest-mypy", "pytest-perf", "pytest-ruff (>=0.2.1)", "pytest-timeout", "pytest-xdist (>=3)", "tomli", "tomli-w (>=1.0.0)", "virtualenv (>=13.0.0)", "wheel"]
testing-integration = ["build[virtualenv] (>=1.0.3)", "filelock (>=3.4.0)", "jaraco.envs (>=2.2)", "jaraco.path (>=3.2.0)", "packaging (>=23.2)", "pytest", "pytest-enabler", "pytest-xdist", "tomli", "virtualenv (>=13.0.0)", "wheel"]

[[package]]
name = "six"
version = "1.16.0"
description = "Python 2 and 3 compatibility utilities"
optional = false
python-versions = ">=2.7, !=3.0.*, !=3.1.*, !=3.2.*"
files = [
    {file = "six-1.16.0-py2.py3-none-any.whl", hash = "sha256:8abb2f1d86890a2dfb989f9a77cfcfd3e47c2a354b01111771326f8aa26e0254"},
    {file = "six-1.16.0.tar.gz", hash = "sha256:1e61c37477a1626458e36f7b1d82aa5c9b094fa4802892072e49de9c60c4c926"},
]

[[package]]
name = "stack-data"
version = "0.6.3"
description = "Extract data from python stack frames and tracebacks for informative displays"
optional = false
python-versions = "*"
files = [
    {file = "stack_data-0.6.3-py3-none-any.whl", hash = "sha256:d5558e0c25a4cb0853cddad3d77da9891a08cb85dd9f9f91b9f8cd66e511e695"},
    {file = "stack_data-0.6.3.tar.gz", hash = "sha256:836a778de4fec4dcd1dcd89ed8abff8a221f58308462e1c4aa2a3cf30148f0b9"},
]

[package.dependencies]
asttokens = ">=2.1.0"
executing = ">=1.2.0"
pure-eval = "*"

[package.extras]
tests = ["cython", "littleutils", "pygments", "pytest", "typeguard"]

[[package]]
name = "traitlets"
version = "5.14.3"
description = "Traitlets Python configuration system"
optional = false
python-versions = ">=3.8"
files = [
    {file = "traitlets-5.14.3-py3-none-any.whl", hash = "sha256:b74e89e397b1ed28cc831db7aea759ba6640cb3de13090ca145426688ff1ac4f"},
    {file = "traitlets-5.14.3.tar.gz", hash = "sha256:9ed0579d3502c94b4b3732ac120375cda96f923114522847de4b3bb98b96b6b7"},
]

[package.extras]
docs = ["myst-parser", "pydata-sphinx-theme", "sphinx"]
test = ["argcomplete (>=3.0.3)", "mypy (>=1.7.0)", "pre-commit", "pytest (>=7.0,<8.2)", "pytest-mock", "pytest-mypy-testing"]

[[package]]
name = "typing-extensions"
version = "4.11.0"
description = "Backported and Experimental Type Hints for Python 3.8+"
optional = false
python-versions = ">=3.8"
files = [
    {file = "typing_extensions-4.11.0-py3-none-any.whl", hash = "sha256:c1f94d72897edaf4ce775bb7558d5b79d8126906a14ea5ed1635921406c0387a"},
    {file = "typing_extensions-4.11.0.tar.gz", hash = "sha256:83f085bd5ca59c80295fc2a82ab5dac679cbe02b9f33f7d83af68e241bea51b0"},
]

[[package]]
name = "wcwidth"
version = "0.2.13"
description = "Measures the displayed width of unicode strings in a terminal"
optional = false
python-versions = "*"
files = [
    {file = "wcwidth-0.2.13-py2.py3-none-any.whl", hash = "sha256:3da69048e4540d84af32131829ff948f1e022c1c6bdb8d6102117aac784f6859"},
    {file = "wcwidth-0.2.13.tar.gz", hash = "sha256:72ea0c06399eb286d978fdedb6923a9eb47e1c486ce63e9b4e64fc18303972b5"},
]

[metadata]
lock-version = "2.0"
python-versions = "^3.11"
content-hash = "02b65043b8bca6274904345516b285ee1372185d522623e3b5d5e661d1398141"
